
Microsoft Visual Studio Solution File, Format Version 12.00
# Visual Studio 14
VisualStudioVersion = 14.0.22609.0
MinimumVisualStudioVersion = 10.0.40219.1
Project("{2150E333-8FDC-42A3-9474-1A3956D46DE8}") = "src", "src", "{D7EE5E9F-7240-41FC-8AD2-8622637AAA37}"
EndProject
Project("{2150E333-8FDC-42A3-9474-1A3956D46DE8}") = "Solution Items", "Solution Items", "{DF807338-CA1D-4807-9BAF-6F653BDA1C6A}"
	ProjectSection(SolutionItems) = preProject
		global.json = global.json
	EndProjectSection
EndProject
Project("{8BB2217D-0F2D-49D1-97BC-3654ED321F3B}") = "TodoList", "src\TodoList\TodoList.kproj", "{D0BFDA60-5F45-4BDE-AA24-3770D707CB36}"
EndProject
Global
	GlobalSection(SolutionConfigurationPlatforms) = preSolution
		Debug|Any CPU = Debug|Any CPU
		Release|Any CPU = Release|Any CPU
	EndGlobalSection
	GlobalSection(ProjectConfigurationPlatforms) = postSolution
		{D0BFDA60-5F45-4BDE-AA24-3770D707CB36}.Debug|Any CPU.ActiveCfg = Debug|Any CPU
		{D0BFDA60-5F45-4BDE-AA24-3770D707CB36}.Debug|Any CPU.Build.0 = Debug|Any CPU
		{D0BFDA60-5F45-4BDE-AA24-3770D707CB36}.Release|Any CPU.ActiveCfg = Release|Any CPU
		{D0BFDA60-5F45-4BDE-AA24-3770D707CB36}.Release|Any CPU.Build.0 = Release|Any CPU
	EndGlobalSection
	GlobalSection(SolutionProperties) = preSolution
		HideSolutionNode = FALSE
	EndGlobalSection
	GlobalSection(NestedProjects) = preSolution
		{D0BFDA60-5F45-4BDE-AA24-3770D707CB36} = {D7EE5E9F-7240-41FC-8AD2-8622637AAA37}
	EndGlobalSection
EndGlobal
